# This file is automatically @generated by Cargo.
# It is not intended for manual editing.
version = 4

[[package]]
name = "anstyle"
version = "1.0.14"
source = "registry+https://github.com/rust-lang/crates.io-index"
checksum = "940b3a0ca603d1eade50a4846a2afffd5ef57a9feac2c0e2ec2e14f9ead76000"

[[package]]
name = "anyhow"
version = "1.0.104"
source = "registry+https://github.com/rust-lang/crates.io-index"
checksum = "330a5ed07fa54e4702c9d6c4174f74427fc0ef6e214bbd677ae50a5099946470"

[[package]]
name = "autocfg"
version = "1.5.1"
source = "registry+https://github.com/rust-lang/crates.io-index"
checksum = "f2032f911046de80f0a198e0901378627c33f59ea0ac00e363d481118bd70a53"

[[package]]
name = "cc"
version = "1.5.1"
source = "registry+https://github.com/rust-lang/crates.io-index"
checksum = "f360145194ee8e21db5ee7f3fcd4fe52210864c75c985dae33218202c8bbe040"
dependencies = [
 "find-msvc-tools",
 "jobserver",
 "libc",
 "shlex",
]

[[package]]
name = "cfg-if"
version = "1.0.5"
source = "registry+https://github.com/rust-lang/crates.io-index"
checksum = "4e7648175b45a9a48536d676f68d918270699102aa8dab5496df06904c914600"

[[package]]
name = "clang-format"
version = "0.3.0"
source = "registry+https://github.com/rust-lang/crates.io-index"
checksum = "696283b40e1a39d208ee614b92e5f6521d16962edeb47c48372585ec92419943"
dependencies = [
 "thiserror",
]

[[package]]
name = "clap"
version = "4.6.7"
source = "registry+https://github.com/rust-lang/crates.io-index"
checksum = "aa8876b300ab35ba921adea3dfd70157a46249b33f95c9084ae5709785478946"
dependencies = [
 "clap_builder",
]

[[package]]
name = "clap_builder"
version = "4.6.7"
source = "registry+https://github.com/rust-lang/crates.io-index"
checksum = "ec0797fb7aeb1406c84efac526901f7ec3ead2124f946b494e72879d4b54704d"
dependencies = [
 "anstyle",
 "clap_lex",
 "strsim",
]

[[package]]
name = "clap_lex"
version = "1.1.1"
source = "registry+https://github.com/rust-lang/crates.io-index"
checksum = "1c133bc6a41be0d194c306b5506d15e6feeea7b1d6604bd3f8310dfb2ca96486"

[[package]]
name = "codespan-reporting"
version = "0.11.1"
source = "registry+https://github.com/rust-lang/crates.io-index"
checksum = "3538270d33cc669650c4b093848450d380def10c331d38c768e34cac80576e6e"
dependencies = [
 "termcolor",
 "unicode-width 0.1.14",
]

[[package]]
name = "codespan-reporting"
version = "0.13.1"
source = "registry+https://github.com/rust-lang/crates.io-index"
checksum = "af491d569909a7e4dee0ad7db7f5341fef5c614d5b8ec8cf765732aba3cff681"
dependencies = [
 "serde",
 "termcolor",
 "unicode-width 0.2.2",
]

[[package]]
name = "convert_case"
version = "0.6.0"
source = "registry+https://github.com/rust-lang/crates.io-index"
checksum = "ec182b0ca2f35d8fc196cf3404988fd8b8c739a4d270ff118a398feb0cbec1ca"
dependencies = [
 "unicode-segmentation",
]

[[package]]
name = "cxx"
version = "1.0.202"
source = "registry+https://github.com/rust-lang/crates.io-index"
checksum = "13f6de320895f42e6e081abb5c7983bedcf0b6d0ff9323de0d33f620c8ac1199"
dependencies = [
 "cc",
 "cxx-build",
 "cxxbridge-cmd",
 "cxxbridge-flags",
 "cxxbridge-macro",
 "foldhash",
 "link-cplusplus",
]

[[package]]
name = "cxx-build"
version = "1.0.202"
source = "registry+https://github.com/rust-lang/crates.io-index"
checksum = "4fde53ca86b9704a943fef0f1e1d836239a6aedca5de3c65fa9f97ec0bd46d39"
dependencies = [
 "cc",
 "codespan-reporting 0.13.1",
 "indexmap",
 "proc-macro2",
 "quote",
 "scratch",
 "syn 3.0.6",
]

[[package]]
name = "cxx-gen"
version = "0.7.202"
source = "registry+https://github.com/rust-lang/crates.io-index"
checksum = "5010d4044b4ac8b18aca2341f3a6227aaf332ec8f5e38fcb93cba53451f2dc92"
dependencies = [
 "codespan-reporting 0.13.1",
 "indexmap",
 "proc-macro2",
 "quote",
 "syn 3.0.6",
]

[[package]]
name = "cxx-qt"
version = "0.10.0"
source = "registry+https://github.com/rust-lang/crates.io-index"
checksum = "af6a52cbe33f8a23c6cc7dafb628819b89af6536102c3976f5efc33a038d4a82"
dependencies = [
 "cxx",
 "cxx-qt-build",
 "cxx-qt-macro",
 "qt-build-utils",
 "static_assertions",
 "thiserror",
]

[[package]]
name = "cxx-qt-build"
version = "0.10.0"
source = "registry+https://github.com/rust-lang/crates.io-index"
checksum = "7bb2bb9e19b427e79ec5db1d88cde2f44f2d4190e5a0177e2d599ceb9277b670"
dependencies = [
 "cc",
 "codespan-reporting 0.11.1",
 "cxx-gen",
 "cxx-qt-gen",
 "proc-macro2",
 "qt-build-utils",
 "quote",
 "serde",
 "serde_json",
]

[[package]]
name = "cxx-qt-gen"
version = "0.10.0"
source = "registry+https://github.com/rust-lang/crates.io-index"
checksum = "a6de19cacc58672a9fb70fad66e3d62b6aeb4b2f323b6251aeb99b50c6b6aa0c"
dependencies = [
 "clang-format",
 "convert_case",
 "cxx-gen",
 "indoc",
 "proc-macro2",
 "quote",
 "syn 2.0.119",
]

[[package]]
name = "cxx-qt-lib"
version = "0.10.0"
source = "registry+https://github.com/rust-lang/crates.io-index"
checksum = "1e3c9fea8106d4bbe438d15c1242acd38f4869ca4f6d2a0b19e1f0dbbf23a50e"
dependencies = [
 "cxx",
 "cxx-qt",
 "cxx-qt-build",
 "qt-build-utils",
]

[[package]]
name = "cxx-qt-macro"
version = "0.10.0"
source = "registry+https://github.com/rust-lang/crates.io-index"
checksum = "cb794f10a4d27bfbd810eb8bf7fd7d9a0b0b5cefcd86a4c7b13ae3f8d4fa0169"
dependencies = [
 "cxx-qt-gen",
 "proc-macro2",
 "quote",
 "syn 2.0.119",
]

[[package]]
name = "cxxbridge-cmd"
version = "1.0.202"
source = "registry+https://github.com/rust-lang/crates.io-index"
checksum = "07bae89236c811fd4d08ed3441759ac4ac98d752cbfd3de341315ba16ad20ec3"
dependencies = [
 "clap",
 "codespan-reporting 0.13.1",
 "indexmap",
 "proc-macro2",
 "quote",
 "syn 3.0.6",
]

[[package]]
name = "cxxbridge-flags"
version = "1.0.202"
source = "registry+https://github.com/rust-lang/crates.io-index"
checksum = "49045042e5fced01b80742aba5508de82aa4f13677ed3fa2b4cda709c40c5918"

[[package]]
name = "cxxbridge-macro"
version = "1.0.202"
source = "registry+https://github.com/rust-lang/crates.io-index"
checksum = "b181252e2e3d3b5d183afbdc033a3958b445eb3e1a0ae65fc3d4f5259f5da6fd"
dependencies = [
 "indexmap",
 "proc-macro2",
 "quote",
 "syn 3.0.6",
]

[[package]]
name = "cxxqt-probe"
version = "0.1.0"
dependencies = [
 "cxx",
 "cxx-qt",
 "cxx-qt-build",
 "cxx-qt-lib",
 "probe-core",
]

[[package]]
name = "dsp-core"
version = "0.1.0"
dependencies = [
 "realfft",
 "serde",
 "serde_json",
]

[[package]]
name = "equivalent"
version = "1.0.2"
source = "registry+https://github.com/rust-lang/crates.io-index"
checksum = "877a4ace8713b0bcf2a4e7eec82529c029f1d0619886d18145fea96c3ffe5c0f"

[[package]]
name = "find-msvc-tools"
version = "0.1.14"
source = "registry+https://github.com/rust-lang/crates.io-index"
checksum = "aedcfb3409746eddb02b9e19ebda1c3394f759a152e48ee875a0844d1b955484"

[[package]]
name = "foldhash"
version = "0.2.0"
source = "registry+https://github.com/rust-lang/crates.io-index"
checksum = "77ce24cb58228fbb8aa041425bb1050850ac19177686ea6e0f41a70416f56fdb"

[[package]]
name = "getrandom"
version = "0.4.3"
source = "registry+https://github.com/rust-lang/crates.io-index"
checksum = "300e883d756b2e4ec94e02791f39b04b522276138852cfc41d9fb7e904106099"
dependencies = [
 "cfg-if",
 "libc",
 "r-efi",
]

[[package]]
name = "hashbrown"
version = "0.17.1"
source = "registry+https://github.com/rust-lang/crates.io-index"
checksum = "ed5909b6e89a2db4456e54cd5f673791d7eca6732202bbf2a9cc504fe2f9b84a"

[[package]]
name = "indexmap"
version = "2.14.2"
source = "registry+https://github.com/rust-lang/crates.io-index"
checksum = "cc4e190f5d26ca7051642629da2c52fc03bde85a03197c99408dcd291734c855"
dependencies = [
 "equivalent",
 "hashbrown",
]

[[package]]
name = "indoc"
version = "2.0.7"
source = "registry+https://github.com/rust-lang/crates.io-index"
checksum = "79cf5c93f93228cf8efb3ba362535fb11199ac548a09ce117c9b1adc3030d706"
dependencies = [
 "rustversion",
]

[[package]]
name = "itoa"
version = "1.0.18"
source = "registry+https://github.com/rust-lang/crates.io-index"
checksum = "8f42a60cbdf9a97f5d2305f08a87dc4e09308d1276d28c869c684d7777685682"

[[package]]
name = "jobserver"
version = "0.1.35"
source = "registry+https://github.com/rust-lang/crates.io-index"
checksum = "1c00acbd29eabad4a2392fa0e921c874934dbbf4194312ad20f04a0ed67a3cb3"
dependencies = [
 "getrandom",
 "libc",
]

[[package]]
name = "libc"
version = "0.2.189"
source = "registry+https://github.com/rust-lang/crates.io-index"
checksum = "3eaf3ede3fee6db1a4c2ee091bf8a8b4dccdc6d17f656fb07896ee72867612f2"

[[package]]
name = "link-cplusplus"
version = "1.0.12"
source = "registry+https://github.com/rust-lang/crates.io-index"
checksum = "7f78c730aaa7d0b9336a299029ea49f9ee53b0ed06e9202e8cb7db9bae7b8c82"
dependencies = [
 "cc",
]

[[package]]
name = "memchr"
version = "2.8.3"
source = "registry+https://github.com/rust-lang/crates.io-index"
checksum = "cf8baf1c55e62ffcace7a9f06f4bd9cd3f0c4beb022d3b367256b91b87513d98"

[[package]]
name = "num-complex"
version = "0.4.6"
source = "registry+https://github.com/rust-lang/crates.io-index"
checksum = "73f88a1307638156682bada9d7604135552957b7818057dcef22705b4d509495"
dependencies = [
 "num-traits",
]

[[package]]
name = "num-integer"
version = "0.1.47"
source = "registry+https://github.com/rust-lang/crates.io-index"
checksum = "7ce2d95d4b3734dc35aa2f45e1aa22cd416814592a4f9d9205e11affd5b8e10b"
dependencies = [
 "num-traits",
]

[[package]]
name = "num-traits"
version = "0.2.19"
source = "registry+https://github.com/rust-lang/crates.io-index"
checksum = "071dfc062690e90b734c0b2273ce72ad0ffa95f0c74596bc250dcfd960262841"
dependencies = [
 "autocfg",
]

[[package]]
name = "primal-check"
version = "0.3.4"
source = "registry+https://github.com/rust-lang/crates.io-index"
checksum = "dc0d895b311e3af9902528fbb8f928688abbd95872819320517cc24ca6b2bd08"
dependencies = [
 "num-integer",
]

[[package]]
name = "probe-core"
version = "0.1.0"

[[package]]
name = "proc-macro2"
version = "1.0.107"
source = "registry+https://github.com/rust-lang/crates.io-index"
checksum = "985e7ec9bb745e6ce6535b544d84d6cd6f7ad8bd711c398938ae983b91a766d9"
dependencies = [
 "unicode-ident",
]

[[package]]
name = "qt-build-utils"
version = "0.10.0"
source = "registry+https://github.com/rust-lang/crates.io-index"
checksum = "7c97911f105c362cbc035f631be7b43e44d9bca3a3aed2434260ba896f23d6b4"
dependencies = [
 "anyhow",
 "cc",
 "semver",
 "serde",
 "thiserror",
 "which",
]

[[package]]
name = "qtbridge"
version = "0.3.0"
source = "registry+https://github.com/rust-lang/crates.io-index"
checksum = "0cd0837cbe1afed17e0b00bcb650063e7a86a9b38d49fb716ae7952af6ea02b8"
dependencies = [
 "qtbridge-gen",
 "qtbridge-interfaces",
 "qtbridge-runtime",
 "qtbridge-type-lib",
]

[[package]]
name = "qtbridge-build-utils"
version = "0.3.0"
source = "registry+https://github.com/rust-lang/crates.io-index"
checksum = "db92f2bba637c43461af6cd344bc726a5bb9321f4ca99ad1f5c659d7909420ee"
dependencies = [
 "cc",
 "qt-build-utils",
]

[[package]]
name = "qtbridge-gen"
version = "0.3.0"
source = "registry+https://github.com/rust-lang/crates.io-index"
checksum = "dae0668fce881f48cbbebc12d407ce6a97f735511fa23241f8989b16c55f0f04"
dependencies = [
 "proc-macro2",
 "qtbridge-build-utils",
 "qtbridge-gen-common",
 "quote",
 "syn 2.0.119",
]

[[package]]
name = "qtbridge-gen-common"
version = "0.3.0"
source = "registry+https://github.com/rust-lang/crates.io-index"
checksum = "743b330ed2053786f5f45551dc4ba04a7a7d9c4e97a32613f639d9dc9970f3e4"
dependencies = [
 "proc-macro2",
 "qtbridge-build-utils",
 "quote",
 "syn 2.0.119",
]

[[package]]
name = "qtbridge-interfaces"
version = "0.3.0"
source = "registry+https://github.com/rust-lang/crates.io-index"
checksum = "faa99a01ad113bf1092bffbf3da4648b04add0a44a7f22bcf9a657254d4023fc"
dependencies = [
 "cxx",
 "cxx-build",
 "cxx-qt-lib",
 "qtbridge-build-utils",
 "qtbridge-runtime",
 "qtbridge-type-lib",
]

[[package]]
name = "qtbridge-probe"
version = "0.1.0"
dependencies = [
 "probe-core",
 "qtbridge",
]

[[package]]
name = "qtbridge-runtime"
version = "0.3.0"
source = "registry+https://github.com/rust-lang/crates.io-index"
checksum = "00c737d1839f84b2b14e77c426677cfedfcb881d5675d2e71f4ebeca31cdd4d9"
dependencies = [
 "cxx",
 "cxx-build",
 "cxx-qt",
 "cxx-qt-lib",
 "qtbridge-build-utils",
 "qtbridge-type-lib",
]

[[package]]
name = "qtbridge-type-lib"
version = "0.3.0"
source = "registry+https://github.com/rust-lang/crates.io-index"
checksum = "111a9621eed3223c26db23b60acab4bcd9c803f68dd49126ad6e70d3e8a63082"
dependencies = [
 "cc",
 "cxx",
 "cxx-build",
 "cxx-qt",
 "cxx-qt-lib",
 "qtbridge-build-utils",
]

[[package]]
name = "quote"
version = "1.0.47"
source = "registry+https://github.com/rust-lang/crates.io-index"
checksum = "1fbf4db142a473a8d80c26bbf18454ed458bf8d26c8219c331daecfdbd079001"
dependencies = [
 "proc-macro2",
]

[[package]]
name = "r-efi"
version = "6.0.0"
source = "registry+https://github.com/rust-lang/crates.io-index"
checksum = "f8dcc9c7d52a811697d2151c701e0d08956f92b0e24136cf4cf27b57a6a0d9bf"

[[package]]
name = "realfft"
version = "3.5.0"
source = "registry+https://github.com/rust-lang/crates.io-index"
checksum = "f821338fddb99d089116342c46e9f1fbf3828dba077674613e734e01d6ea8677"
dependencies = [
 "rustfft",
]

[[package]]
name = "rustfft"
version = "6.4.1"
source = "registry+https://github.com/rust-lang/crates.io-index"
checksum = "21db5f9893e91f41798c88680037dba611ca6674703c1a18601b01a72c8adb89"
dependencies = [
 "num-complex",
 "num-integer",
 "num-traits",
 "primal-check",
 "strength_reduce",
 "transpose",
]

[[package]]
name = "rustversion"
version = "1.0.23"
source = "registry+https://github.com/rust-lang/crates.io-index"
checksum = "cf54715a573b99ac80df0bc206da022bcd442c974952c7b9720069370852e21f"

[[package]]
name = "scratch"
version = "1.0.9"
source = "registry+https://github.com/rust-lang/crates.io-index"
checksum = "d68f2ec51b097e4c1a75b681a8bec621909b5e91f15bb7b840c4f2f7b01148b2"

[[package]]
name = "semver"
version = "1.0.28"
source = "registry+https://github.com/rust-lang/crates.io-index"
checksum = "8a7852d02fc848982e0c167ef163aaff9cd91dc640ba85e263cb1ce46fae51cd"

[[package]]
name = "serde"
version = "1.0.229"
source = "registry+https://github.com/rust-lang/crates.io-index"
checksum = "4148590afebada386688f18773da617792bf2ef03ffc1e4cbd2b1d45b023e0ba"
dependencies = [
 "serde_core",
 "serde_derive",
]

[[package]]
name = "serde_core"
version = "1.0.229"
source = "registry+https://github.com/rust-lang/crates.io-index"
checksum = "67dca2c9c51e58a4791a4b1ed58308b39c64224d349a935ab5039aa360942a48"
dependencies = [
 "serde_derive",
]

[[package]]
name = "serde_derive"
version = "1.0.229"
source = "registry+https://github.com/rust-lang/crates.io-index"
checksum = "e7a5d71263a5a7d47b41f6b3f06ba276f10cc18b0931f1799f710578e2309348"
dependencies = [
 "proc-macro2",
 "quote",
 "syn 3.0.6",
]

[[package]]
name = "serde_json"
version = "1.0.151"
source = "registry+https://github.com/rust-lang/crates.io-index"
checksum = "c841b55ecdae098c80dcae9cf767f6f8a0c2cdb3416bbef72181df4d0fe73f14"
dependencies = [
 "itoa",
 "memchr",
 "serde",
 "serde_core",
 "zmij",
]

[[package]]
name = "shlex"
version = "2.0.1"
source = "registry+https://github.com/rust-lang/crates.io-index"
checksum = "f8fadd59c855ef2080decdef8ff161eb6661b86933c9d82e5ba29dc602a55aba"

[[package]]
name = "static_assertions"
version = "1.1.0"
source = "registry+https://github.com/rust-lang/crates.io-index"
checksum = "a2eb9349b6444b326872e140eb1cf5e7c522154d69e7a0ffb0fb81c06b37543f"

[[package]]
name = "strength_reduce"
version = "0.2.4"
source = "registry+https://github.com/rust-lang/crates.io-index"
checksum = "fe895eb47f22e2ddd4dabc02bce419d2e643c8e3b585c78158b349195bc24d82"

[[package]]
name = "strsim"
version = "0.11.1"
source = "registry+https://github.com/rust-lang/crates.io-index"
checksum = "7da8b5736845d9f2fcb837ea5d9e2628564b3b043a70948a3f0b778838c5fb4f"

[[package]]
name = "syn"
version = "2.0.119"
source = "registry+https://github.com/rust-lang/crates.io-index"
checksum = "872831b642d1a07999a962a351ed35b955ea2cfc8f3862091e2a240a84f17297"
dependencies = [
 "proc-macro2",
 "quote",
 "unicode-ident",
]

[[package]]
name = "syn"
version = "3.0.6"
source = "registry+https://github.com/rust-lang/crates.io-index"
checksum = "8593e8e72159ed2257d083c7a454a85cbf854f37a0966d8d483aff8c8a3ebcee"
dependencies = [
 "proc-macro2",
 "quote",
 "unicode-ident",
]

[[package]]
name = "termcolor"
version = "1.4.1"
source = "registry+https://github.com/rust-lang/crates.io-index"
checksum = "06794f8f6c5c898b3275aebefa6b8a1cb24cd2c6c79397ab15774837a0bc5755"
dependencies = [
 "winapi-util",
]

[[package]]
name = "thiserror"
version = "1.0.69"
source = "registry+https://github.com/rust-lang/crates.io-index"
checksum = "b6aaf5339b578ea85b50e080feb250a3e8ae8cfcdff9a461c9ec2904bc923f52"
dependencies = [
 "thiserror-impl",
]

[[package]]
name = "thiserror-impl"
version = "1.0.69"
source = "registry+https://github.com/rust-lang/crates.io-index"
checksum = "4fee6c4efc90059e10f81e6d42c60a18f76588c3d74cb83a0b242a2b6c7504c1"
dependencies = [
 "proc-macro2",
 "quote",
 "syn 2.0.119",
]

[[package]]
name = "transpose"
version = "0.2.3"
source = "registry+https://github.com/rust-lang/crates.io-index"
checksum = "1ad61aed86bc3faea4300c7aee358b4c6d0c8d6ccc36524c96e4c92ccf26e77e"
dependencies = [
 "num-integer",
 "strength_reduce",
]

[[package]]
name = "unicode-ident"
version = "1.0.26"
source = "registry+https://github.com/rust-lang/crates.io-index"
checksum = "d245f478577f809a851594d02313b640fb437e0bb33866753cff937863096954"

[[package]]
name = "unicode-segmentation"
version = "1.13.3"
source = "registry+https://github.com/rust-lang/crates.io-index"
checksum = "c6f5d3c3b1bf09027a88a6bc961fc00497d651009560b5463668dc81b0fa87a8"

[[package]]
name = "unicode-width"
version = "0.1.14"
source = "registry+https://github.com/rust-lang/crates.io-index"
checksum = "7dd6e30e90baa6f72411720665d41d89b9a3d039dc45b8faea1ddd07f617f6af"

[[package]]
name = "unicode-width"
version = "0.2.2"
source = "registry+https://github.com/rust-lang/crates.io-index"
checksum = "b4ac048d71ede7ee76d585517add45da530660ef4390e49b098733c6e897f254"

[[package]]
name = "which"
version = "8.0.6"
source = "registry+https://github.com/rust-lang/crates.io-index"
checksum = "bae2f2b2b816647a1cab1acc91f5bd20812d53cb344382635ec2181940c8034f"
dependencies = [
 "libc",
]

[[package]]
name = "winapi-util"
version = "0.1.11"
source = "registry+https://github.com/rust-lang/crates.io-index"
checksum = "c2a7b1c03c876122aa43f3020e6c3c3ee5c05081c9a00739faf7503aeba10d22"
dependencies = [
 "windows-sys",
]

[[package]]
name = "windows-link"
version = "0.2.1"
source = "registry+https://github.com/rust-lang/crates.io-index"
checksum = "f0805222e57f7521d6a62e36fa9163bc891acd422f971defe97d64e70d0a4fe5"

[[package]]
name = "windows-sys"
version = "0.61.2"
source = "registry+https://github.com/rust-lang/crates.io-index"
checksum = "ae137229bcbd6cdf0f7b80a31df61766145077ddf49416a728b02cb3921ff3fc"
dependencies = [
 "windows-link",
]

[[package]]
name = "zmij"
version = "1.0.23"
source = "registry+https://github.com/rust-lang/crates.io-index"
checksum = "29666d0abbfad1e3dc4dcf6144730dd3a3ab225bbbdac83319345b1b44ccfc1b"
